<?xml version="1.0" encoding="UTF-8"?>
<CodeBlocks_project_file>
	<FileVersion major="1" minor="6"/>
	<Project>
		<Option title="engine"/>
		<Option makefile_is_custom="1"/>
		<Option compiler="gcc"/>
		<Option virtualFolders="CMake Files\;CMake Files\..\;CMake Files\..\lib\;CMake Files\..\lib\dlib-19.9\;CMake Files\..\lib\dlib-19.9\dlib\;CMake Files\..\lib\dlib-19.9\dlib\cmake_utils\;CMake Files\..\..\;CMake Files\..\..\..\;CMake Files\..\..\..\..\;CMake Files\..\..\..\..\..\;CMake Files\..\..\..\..\..\usr\;CMake Files\..\..\..\..\..\usr\local\;CMake Files\..\..\..\..\..\usr\local\share\;CMake Files\..\..\..\..\..\usr\local\share\OpenCV\;"/>
		<Build>
			<Target title="all">
				<Option working_dir="/home/victorvianna/Desktop/FaceTweaking/engine"/>
				<Option type="4"/>
				<MakeCommands>
					<Build command="/usr/bin/make -j4 -f &quot;/home/victorvianna/Desktop/FaceTweaking/engine/Makefile&quot;  VERBOSE=1 all"/>
					<CompileFile command="/usr/bin/make -j4 -f &quot;/home/victorvianna/Desktop/FaceTweaking/engine/Makefile&quot;  VERBOSE=1 &quot;$file&quot;"/>
					<Clean command="/usr/bin/make -j4 -f &quot;/home/victorvianna/Desktop/FaceTweaking/engine/Makefile&quot;  VERBOSE=1 clean"/>
					<DistClean command="/usr/bin/make -j4 -f &quot;/home/victorvianna/Desktop/FaceTweaking/engine/Makefile&quot;  VERBOSE=1 clean"/>
				</MakeCommands>
			</Target>
			<Target title="rebuild_cache">
				<Option working_dir="/home/victorvianna/Desktop/FaceTweaking/engine"/>
				<Option type="4"/>
				<MakeCommands>
					<Build command="/usr/bin/make -j4 -f &quot;/home/victorvianna/Desktop/FaceTweaking/engine/Makefile&quot;  VERBOSE=1 rebuild_cache"/>
					<CompileFile command="/usr/bin/make -j4 -f &quot;/home/victorvianna/Desktop/FaceTweaking/engine/Makefile&quot;  VERBOSE=1 &quot;$file&quot;"/>
					<Clean command="/usr/bin/make -j4 -f &quot;/home/victorvianna/Desktop/FaceTweaking/engine/Makefile&quot;  VERBOSE=1 clean"/>
					<DistClean command="/usr/bin/make -j4 -f &quot;/home/victorvianna/Desktop/FaceTweaking/engine/Makefile&quot;  VERBOSE=1 clean"/>
				</MakeCommands>
			</Target>
			<Target title="edit_cache">
				<Option working_dir="/home/victorvianna/Desktop/FaceTweaking/engine"/>
				<Option type="4"/>
				<MakeCommands>
					<Build command="/usr/bin/make -j4 -f &quot;/home/victorvianna/Desktop/FaceTweaking/engine/Makefile&quot;  VERBOSE=1 edit_cache"/>
					<CompileFile command="/usr/bin/make -j4 -f &quot;/home/victorvianna/Desktop/FaceTweaking/engine/Makefile&quot;  VERBOSE=1 &quot;$file&quot;"/>
					<Clean command="/usr/bin/make -j4 -f &quot;/home/victorvianna/Desktop/FaceTweaking/engine/Makefile&quot;  VERBOSE=1 clean"/>
					<DistClean command="/usr/bin/make -j4 -f &quot;/home/victorvianna/Desktop/FaceTweaking/engine/Makefile&quot;  VERBOSE=1 clean"/>
				</MakeCommands>
			</Target>
			<Target title="engine">
				<Option output="/home/victorvianna/Desktop/FaceTweaking/engine/engine" prefix_auto="0" extension_auto="0"/>
				<Option working_dir="/home/victorvianna/Desktop/FaceTweaking/engine"/>
				<Option object_output="./"/>
				<Option type="1"/>
				<Option compiler="gcc"/>
				<Compiler>
					<Add directory="/usr/local/include"/>
					<Add directory="/usr/local/include/opencv"/>
					<Add directory="/home/victorvianna/Desktop/FaceTweaking/lib/dlib-19.9/dlib/.."/>
					<Add directory="/usr/include/c++/7"/>
					<Add directory="/usr/include/x86_64-linux-gnu/c++/7"/>
					<Add directory="/usr/include/c++/7/backward"/>
					<Add directory="/usr/lib/gcc/x86_64-linux-gnu/7/include"/>
					<Add directory="/usr/lib/gcc/x86_64-linux-gnu/7/include-fixed"/>
					<Add directory="/usr/include/x86_64-linux-gnu"/>
					<Add directory="/usr/include"/>
				</Compiler>
				<MakeCommands>
					<Build command="/usr/bin/make -j4 -f &quot;/home/victorvianna/Desktop/FaceTweaking/engine/Makefile&quot;  VERBOSE=1 engine"/>
					<CompileFile command="/usr/bin/make -j4 -f &quot;/home/victorvianna/Desktop/FaceTweaking/engine/Makefile&quot;  VERBOSE=1 &quot;$file&quot;"/>
					<Clean command="/usr/bin/make -j4 -f &quot;/home/victorvianna/Desktop/FaceTweaking/engine/Makefile&quot;  VERBOSE=1 clean"/>
					<DistClean command="/usr/bin/make -j4 -f &quot;/home/victorvianna/Desktop/FaceTweaking/engine/Makefile&quot;  VERBOSE=1 clean"/>
				</MakeCommands>
			</Target>
			<Target title="engine/fast">
				<Option output="/home/victorvianna/Desktop/FaceTweaking/engine/engine" prefix_auto="0" extension_auto="0"/>
				<Option working_dir="/home/victorvianna/Desktop/FaceTweaking/engine"/>
				<Option object_output="./"/>
				<Option type="1"/>
				<Option compiler="gcc"/>
				<Compiler>
					<Add directory="/usr/local/include"/>
					<Add directory="/usr/local/include/opencv"/>
					<Add directory="/home/victorvianna/Desktop/FaceTweaking/lib/dlib-19.9/dlib/.."/>
					<Add directory="/usr/include/c++/7"/>
					<Add directory="/usr/include/x86_64-linux-gnu/c++/7"/>
					<Add directory="/usr/include/c++/7/backward"/>
					<Add directory="/usr/lib/gcc/x86_64-linux-gnu/7/include"/>
					<Add directory="/usr/lib/gcc/x86_64-linux-gnu/7/include-fixed"/>
					<Add directory="/usr/include/x86_64-linux-gnu"/>
					<Add directory="/usr/include"/>
				</Compiler>
				<MakeCommands>
					<Build command="/usr/bin/make -j4 -f &quot;/home/victorvianna/Desktop/FaceTweaking/engine/Makefile&quot;  VERBOSE=1 engine/fast"/>
					<CompileFile command="/usr/bin/make -j4 -f &quot;/home/victorvianna/Desktop/FaceTweaking/engine/Makefile&quot;  VERBOSE=1 &quot;$file&quot;"/>
					<Clean command="/usr/bin/make -j4 -f &quot;/home/victorvianna/Desktop/FaceTweaking/engine/Makefile&quot;  VERBOSE=1 clean"/>
					<DistClean command="/usr/bin/make -j4 -f &quot;/home/victorvianna/Desktop/FaceTweaking/engine/Makefile&quot;  VERBOSE=1 clean"/>
				</MakeCommands>
			</Target>
			<Target title="features">
				<Option output="/home/victorvianna/Desktop/FaceTweaking/engine/libfeatures.a" prefix_auto="0" extension_auto="0"/>
				<Option working_dir="/home/victorvianna/Desktop/FaceTweaking/engine"/>
				<Option object_output="./"/>
				<Option type="2"/>
				<Option compiler="gcc"/>
				<Compiler>
					<Add directory="/home/victorvianna/Desktop/FaceTweaking/lib/dlib-19.9/dlib/.."/>
					<Add directory="/usr/local/include"/>
					<Add directory="/usr/local/include/opencv"/>
					<Add directory="/usr/include/c++/7"/>
					<Add directory="/usr/include/x86_64-linux-gnu/c++/7"/>
					<Add directory="/usr/include/c++/7/backward"/>
					<Add directory="/usr/lib/gcc/x86_64-linux-gnu/7/include"/>
					<Add directory="/usr/lib/gcc/x86_64-linux-gnu/7/include-fixed"/>
					<Add directory="/usr/include/x86_64-linux-gnu"/>
					<Add directory="/usr/include"/>
				</Compiler>
				<MakeCommands>
					<Build command="/usr/bin/make -j4 -f &quot;/home/victorvianna/Desktop/FaceTweaking/engine/Makefile&quot;  VERBOSE=1 features"/>
					<CompileFile command="/usr/bin/make -j4 -f &quot;/home/victorvianna/Desktop/FaceTweaking/engine/Makefile&quot;  VERBOSE=1 &quot;$file&quot;"/>
					<Clean command="/usr/bin/make -j4 -f &quot;/home/victorvianna/Desktop/FaceTweaking/engine/Makefile&quot;  VERBOSE=1 clean"/>
					<DistClean command="/usr/bin/make -j4 -f &quot;/home/victorvianna/Desktop/FaceTweaking/engine/Makefile&quot;  VERBOSE=1 clean"/>
				</MakeCommands>
			</Target>
			<Target title="features/fast">
				<Option output="/home/victorvianna/Desktop/FaceTweaking/engine/libfeatures.a" prefix_auto="0" extension_auto="0"/>
				<Option working_dir="/home/victorvianna/Desktop/FaceTweaking/engine"/>
				<Option object_output="./"/>
				<Option type="2"/>
				<Option compiler="gcc"/>
				<Compiler>
					<Add directory="/home/victorvianna/Desktop/FaceTweaking/lib/dlib-19.9/dlib/.."/>
					<Add directory="/usr/local/include"/>
					<Add directory="/usr/local/include/opencv"/>
					<Add directory="/usr/include/c++/7"/>
					<Add directory="/usr/include/x86_64-linux-gnu/c++/7"/>
					<Add directory="/usr/include/c++/7/backward"/>
					<Add directory="/usr/lib/gcc/x86_64-linux-gnu/7/include"/>
					<Add directory="/usr/lib/gcc/x86_64-linux-gnu/7/include-fixed"/>
					<Add directory="/usr/include/x86_64-linux-gnu"/>
					<Add directory="/usr/include"/>
				</Compiler>
				<MakeCommands>
					<Build command="/usr/bin/make -j4 -f &quot;/home/victorvianna/Desktop/FaceTweaking/engine/Makefile&quot;  VERBOSE=1 features/fast"/>
					<CompileFile command="/usr/bin/make -j4 -f &quot;/home/victorvianna/Desktop/FaceTweaking/engine/Makefile&quot;  VERBOSE=1 &quot;$file&quot;"/>
					<Clean command="/usr/bin/make -j4 -f &quot;/home/victorvianna/Desktop/FaceTweaking/engine/Makefile&quot;  VERBOSE=1 clean"/>
					<DistClean command="/usr/bin/make -j4 -f &quot;/home/victorvianna/Desktop/FaceTweaking/engine/Makefile&quot;  VERBOSE=1 clean"/>
				</MakeCommands>
			</Target>
			<Target title="dlib">
				<Option output="/home/victorvianna/Desktop/FaceTweaking/engine/dlib/libdlib.a" prefix_auto="0" extension_auto="0"/>
				<Option working_dir="/home/victorvianna/Desktop/FaceTweaking/engine/dlib"/>
				<Option object_output="./"/>
				<Option type="2"/>
				<Option compiler="gcc"/>
				<Compiler>
					<Add directory="/usr/include/c++/7"/>
					<Add directory="/usr/include/x86_64-linux-gnu/c++/7"/>
					<Add directory="/usr/include/c++/7/backward"/>
					<Add directory="/usr/lib/gcc/x86_64-linux-gnu/7/include"/>
					<Add directory="/usr/local/include"/>
					<Add directory="/usr/lib/gcc/x86_64-linux-gnu/7/include-fixed"/>
					<Add directory="/usr/include/x86_64-linux-gnu"/>
					<Add directory="/usr/include"/>
				</Compiler>
				<MakeCommands>
					<Build command="/usr/bin/make -j4 -f &quot;/home/victorvianna/Desktop/FaceTweaking/engine/dlib/Makefile&quot;  VERBOSE=1 dlib"/>
					<CompileFile command="/usr/bin/make -j4 -f &quot;/home/victorvianna/Desktop/FaceTweaking/engine/dlib/Makefile&quot;  VERBOSE=1 &quot;$file&quot;"/>
					<Clean command="/usr/bin/make -j4 -f &quot;/home/victorvianna/Desktop/FaceTweaking/engine/dlib/Makefile&quot;  VERBOSE=1 clean"/>
					<DistClean command="/usr/bin/make -j4 -f &quot;/home/victorvianna/Desktop/FaceTweaking/engine/dlib/Makefile&quot;  VERBOSE=1 clean"/>
				</MakeCommands>
			</Target>
			<Target title="dlib/fast">
				<Option output="/home/victorvianna/Desktop/FaceTweaking/engine/dlib/libdlib.a" prefix_auto="0" extension_auto="0"/>
				<Option working_dir="/home/victorvianna/Desktop/FaceTweaking/engine/dlib"/>
				<Option object_output="./"/>
				<Option type="2"/>
				<Option compiler="gcc"/>
				<Compiler>
					<Add directory="/usr/include/c++/7"/>
					<Add directory="/usr/include/x86_64-linux-gnu/c++/7"/>
					<Add directory="/usr/include/c++/7/backward"/>
					<Add directory="/usr/lib/gcc/x86_64-linux-gnu/7/include"/>
					<Add directory="/usr/local/include"/>
					<Add directory="/usr/lib/gcc/x86_64-linux-gnu/7/include-fixed"/>
					<Add directory="/usr/include/x86_64-linux-gnu"/>
					<Add directory="/usr/include"/>
				</Compiler>
				<MakeCommands>
					<Build command="/usr/bin/make -j4 -f &quot;/home/victorvianna/Desktop/FaceTweaking/engine/dlib/Makefile&quot;  VERBOSE=1 dlib/fast"/>
					<CompileFile command="/usr/bin/make -j4 -f &quot;/home/victorvianna/Desktop/FaceTweaking/engine/dlib/Makefile&quot;  VERBOSE=1 &quot;$file&quot;"/>
					<Clean command="/usr/bin/make -j4 -f &quot;/home/victorvianna/Desktop/FaceTweaking/engine/dlib/Makefile&quot;  VERBOSE=1 clean"/>
					<DistClean command="/usr/bin/make -j4 -f &quot;/home/victorvianna/Desktop/FaceTweaking/engine/dlib/Makefile&quot;  VERBOSE=1 clean"/>
				</MakeCommands>
			</Target>
		</Build>
		<Unit filename="/home/victorvianna/Desktop/FaceTweaking/engine/main.cpp">
			<Option target="engine"/>
		</Unit>
		<Unit filename="/home/victorvianna/Desktop/FaceTweaking/lib/dlib-19.9/dlib/base64/base64_kernel_1.cpp">
			<Option target="dlib"/>
		</Unit>
		<Unit filename="/home/victorvianna/Desktop/FaceTweaking/lib/dlib-19.9/dlib/base64/base64_kernel_1.h">
			<Option target="dlib"/>
		</Unit>
		<Unit filename="/home/victorvianna/Desktop/FaceTweaking/lib/dlib-19.9/dlib/bigint/bigint_kernel_1.cpp">
			<Option target="dlib"/>
		</Unit>
		<Unit filename="/home/victorvianna/Desktop/FaceTweaking/lib/dlib-19.9/dlib/bigint/bigint_kernel_1.h">
			<Option target="dlib"/>
		</Unit>
		<Unit filename="/home/victorvianna/Desktop/FaceTweaking/lib/dlib-19.9/dlib/bigint/bigint_kernel_2.cpp">
			<Option target="dlib"/>
		</Unit>
		<Unit filename="/home/victorvianna/Desktop/FaceTweaking/lib/dlib-19.9/dlib/bigint/bigint_kernel_2.h">
			<Option target="dlib"/>
		</Unit>
		<Unit filename="/home/victorvianna/Desktop/FaceTweaking/lib/dlib-19.9/dlib/bit_stream/bit_stream_kernel_1.cpp">
			<Option target="dlib"/>
		</Unit>
		<Unit filename="/home/victorvianna/Desktop/FaceTweaking/lib/dlib-19.9/dlib/bit_stream/bit_stream_kernel_1.h">
			<Option target="dlib"/>
		</Unit>
		<Unit filename="/home/victorvianna/Desktop/FaceTweaking/lib/dlib-19.9/dlib/bsp/bsp.cpp">
			<Option target="dlib"/>
		</Unit>
		<Unit filename="/home/victorvianna/Desktop/FaceTweaking/lib/dlib-19.9/dlib/bsp/bsp.h">
			<Option target="dlib"/>
		</Unit>
		<Unit filename="/home/victorvianna/Desktop/FaceTweaking/lib/dlib-19.9/dlib/data_io/image_dataset_metadata.cpp">
			<Option target="dlib"/>
		</Unit>
		<Unit filename="/home/victorvianna/Desktop/FaceTweaking/lib/dlib-19.9/dlib/data_io/image_dataset_metadata.h">
			<Option target="dlib"/>
		</Unit>
		<Unit filename="/home/victorvianna/Desktop/FaceTweaking/lib/dlib-19.9/dlib/data_io/mnist.cpp">
			<Option target="dlib"/>
		</Unit>
		<Unit filename="/home/victorvianna/Desktop/FaceTweaking/lib/dlib-19.9/dlib/data_io/mnist.h">
			<Option target="dlib"/>
		</Unit>
		<Unit filename="/home/victorvianna/Desktop/FaceTweaking/lib/dlib-19.9/dlib/dir_nav/dir_nav_extensions.cpp">
			<Option target="dlib"/>
		</Unit>
		<Unit filename="/home/victorvianna/Desktop/FaceTweaking/lib/dlib-19.9/dlib/dir_nav/dir_nav_extensions.h">
			<Option target="dlib"/>
		</Unit>
		<Unit filename="/home/victorvianna/Desktop/FaceTweaking/lib/dlib-19.9/dlib/dir_nav/dir_nav_kernel_1.cpp">
			<Option target="dlib"/>
		</Unit>
		<Unit filename="/home/victorvianna/Desktop/FaceTweaking/lib/dlib-19.9/dlib/dir_nav/dir_nav_kernel_1.h">
			<Option target="dlib"/>
		</Unit>
		<Unit filename="/home/victorvianna/Desktop/FaceTweaking/lib/dlib-19.9/dlib/dir_nav/dir_nav_kernel_2.cpp">
			<Option target="dlib"/>
		</Unit>
		<Unit filename="/home/victorvianna/Desktop/FaceTweaking/lib/dlib-19.9/dlib/dir_nav/dir_nav_kernel_2.h">
			<Option target="dlib"/>
		</Unit>
		<Unit filename="/home/victorvianna/Desktop/FaceTweaking/lib/dlib-19.9/dlib/dnn/cpu_dlib.cpp">
			<Option target="dlib"/>
		</Unit>
		<Unit filename="/home/victorvianna/Desktop/FaceTweaking/lib/dlib-19.9/dlib/dnn/cpu_dlib.h">
			<Option target="dlib"/>
		</Unit>
		<Unit filename="/home/victorvianna/Desktop/FaceTweaking/lib/dlib-19.9/dlib/dnn/tensor_tools.cpp">
			<Option target="dlib"/>
		</Unit>
		<Unit filename="/home/victorvianna/Desktop/FaceTweaking/lib/dlib-19.9/dlib/dnn/tensor_tools.h">
			<Option target="dlib"/>
		</Unit>
		<Unit filename="/home/victorvianna/Desktop/FaceTweaking/lib/dlib-19.9/dlib/entropy_decoder/entropy_decoder_kernel_1.cpp">
			<Option target="dlib"/>
		</Unit>
		<Unit filename="/home/victorvianna/Desktop/FaceTweaking/lib/dlib-19.9/dlib/entropy_decoder/entropy_decoder_kernel_1.h">
			<Option target="dlib"/>
		</Unit>
		<Unit filename="/home/victorvianna/Desktop/FaceTweaking/lib/dlib-19.9/dlib/entropy_decoder/entropy_decoder_kernel_2.cpp">
			<Option target="dlib"/>
		</Unit>
		<Unit filename="/home/victorvianna/Desktop/FaceTweaking/lib/dlib-19.9/dlib/entropy_decoder/entropy_decoder_kernel_2.h">
			<Option target="dlib"/>
		</Unit>
		<Unit filename="/home/victorvianna/Desktop/FaceTweaking/lib/dlib-19.9/dlib/entropy_encoder/entropy_encoder_kernel_1.cpp">
			<Option target="dlib"/>
		</Unit>
		<Unit filename="/home/victorvianna/Desktop/FaceTweaking/lib/dlib-19.9/dlib/entropy_encoder/entropy_encoder_kernel_1.h">
			<Option target="dlib"/>
		</Unit>
		<Unit filename="/home/victorvianna/Desktop/FaceTweaking/lib/dlib-19.9/dlib/entropy_encoder/entropy_encoder_kernel_2.cpp">
			<Option target="dlib"/>
		</Unit>
		<Unit filename="/home/victorvianna/Desktop/FaceTweaking/lib/dlib-19.9/dlib/entropy_encoder/entropy_encoder_kernel_2.h">
			<Option target="dlib"/>
		</Unit>
		<Unit filename="/home/victorvianna/Desktop/FaceTweaking/lib/dlib-19.9/dlib/global_optimization/global_function_search.cpp">
			<Option target="dlib"/>
		</Unit>
		<Unit filename="/home/victorvianna/Desktop/FaceTweaking/lib/dlib-19.9/dlib/global_optimization/global_function_search.h">
			<Option target="dlib"/>
		</Unit>
		<Unit filename="/home/victorvianna/Desktop/FaceTweaking/lib/dlib-19.9/dlib/gui_core/gui_core_kernel_1.cpp">
			<Option target="dlib"/>
		</Unit>
		<Unit filename="/home/victorvianna/Desktop/FaceTweaking/lib/dlib-19.9/dlib/gui_core/gui_core_kernel_1.h">
			<Option target="dlib"/>
		</Unit>
		<Unit filename="/home/victorvianna/Desktop/FaceTweaking/lib/dlib-19.9/dlib/gui_core/gui_core_kernel_2.cpp">
			<Option target="dlib"/>
		</Unit>
		<Unit filename="/home/victorvianna/Desktop/FaceTweaking/lib/dlib-19.9/dlib/gui_core/gui_core_kernel_2.h">
			<Option target="dlib"/>
		</Unit>
		<Unit filename="/home/victorvianna/Desktop/FaceTweaking/lib/dlib-19.9/dlib/gui_widgets/base_widgets.cpp">
			<Option target="dlib"/>
		</Unit>
		<Unit filename="/home/victorvianna/Desktop/FaceTweaking/lib/dlib-19.9/dlib/gui_widgets/base_widgets.h">
			<Option target="dlib"/>
		</Unit>
		<Unit filename="/home/victorvianna/Desktop/FaceTweaking/lib/dlib-19.9/dlib/gui_widgets/canvas_drawing.cpp">
			<Option target="dlib"/>
		</Unit>
		<Unit filename="/home/victorvianna/Desktop/FaceTweaking/lib/dlib-19.9/dlib/gui_widgets/canvas_drawing.h">
			<Option target="dlib"/>
		</Unit>
		<Unit filename="/home/victorvianna/Desktop/FaceTweaking/lib/dlib-19.9/dlib/gui_widgets/drawable.cpp">
			<Option target="dlib"/>
		</Unit>
		<Unit filename="/home/victorvianna/Desktop/FaceTweaking/lib/dlib-19.9/dlib/gui_widgets/drawable.h">
			<Option target="dlib"/>
		</Unit>
		<Unit filename="/home/victorvianna/Desktop/FaceTweaking/lib/dlib-19.9/dlib/gui_widgets/fonts.cpp">
			<Option target="dlib"/>
		</Unit>
		<Unit filename="/home/victorvianna/Desktop/FaceTweaking/lib/dlib-19.9/dlib/gui_widgets/fonts.h">
			<Option target="dlib"/>
		</Unit>
		<Unit filename="/home/victorvianna/Desktop/FaceTweaking/lib/dlib-19.9/dlib/gui_widgets/style.cpp">
			<Option target="dlib"/>
		</Unit>
		<Unit filename="/home/victorvianna/Desktop/FaceTweaking/lib/dlib-19.9/dlib/gui_widgets/style.h">
			<Option target="dlib"/>
		</Unit>
		<Unit filename="/home/victorvianna/Desktop/FaceTweaking/lib/dlib-19.9/dlib/gui_widgets/widgets.cpp">
			<Option target="dlib"/>
		</Unit>
		<Unit filename="/home/victorvianna/Desktop/FaceTweaking/lib/dlib-19.9/dlib/gui_widgets/widgets.h">
			<Option target="dlib"/>
		</Unit>
		<Unit filename="/home/victorvianna/Desktop/FaceTweaking/lib/dlib-19.9/dlib/image_loader/jpeg_loader.cpp">
			<Option target="dlib"/>
		</Unit>
		<Unit filename="/home/victorvianna/Desktop/FaceTweaking/lib/dlib-19.9/dlib/image_loader/jpeg_loader.h">
			<Option target="dlib"/>
		</Unit>
		<Unit filename="/home/victorvianna/Desktop/FaceTweaking/lib/dlib-19.9/dlib/image_loader/png_loader.cpp">
			<Option target="dlib"/>
		</Unit>
		<Unit filename="/home/victorvianna/Desktop/FaceTweaking/lib/dlib-19.9/dlib/image_loader/png_loader.h">
			<Option target="dlib"/>
		</Unit>
		<Unit filename="/home/victorvianna/Desktop/FaceTweaking/lib/dlib-19.9/dlib/image_saver/save_jpeg.cpp">
			<Option target="dlib"/>
		</Unit>
		<Unit filename="/home/victorvianna/Desktop/FaceTweaking/lib/dlib-19.9/dlib/image_saver/save_jpeg.h">
			<Option target="dlib"/>
		</Unit>
		<Unit filename="/home/victorvianna/Desktop/FaceTweaking/lib/dlib-19.9/dlib/image_saver/save_png.cpp">
			<Option target="dlib"/>
		</Unit>
		<Unit filename="/home/victorvianna/Desktop/FaceTweaking/lib/dlib-19.9/dlib/image_saver/save_png.h">
			<Option target="dlib"/>
		</Unit>
		<Unit filename="/home/victorvianna/Desktop/FaceTweaking/lib/dlib-19.9/dlib/linker/linker_kernel_1.cpp">
			<Option target="dlib"/>
		</Unit>
		<Unit filename="/home/victorvianna/Desktop/FaceTweaking/lib/dlib-19.9/dlib/linker/linker_kernel_1.h">
			<Option target="dlib"/>
		</Unit>
		<Unit filename="/home/victorvianna/Desktop/FaceTweaking/lib/dlib-19.9/dlib/logger/extra_logger_headers.cpp">
			<Option target="dlib"/>
		</Unit>
		<Unit filename="/home/victorvianna/Desktop/FaceTweaking/lib/dlib-19.9/dlib/logger/extra_logger_headers.h">
			<Option target="dlib"/>
		</Unit>
		<Unit filename="/home/victorvianna/Desktop/FaceTweaking/lib/dlib-19.9/dlib/logger/logger_config_file.cpp">
			<Option target="dlib"/>
		</Unit>
		<Unit filename="/home/victorvianna/Desktop/FaceTweaking/lib/dlib-19.9/dlib/logger/logger_config_file.h">
			<Option target="dlib"/>
		</Unit>
		<Unit filename="/home/victorvianna/Desktop/FaceTweaking/lib/dlib-19.9/dlib/logger/logger_kernel_1.cpp">
			<Option target="dlib"/>
		</Unit>
		<Unit filename="/home/victorvianna/Desktop/FaceTweaking/lib/dlib-19.9/dlib/logger/logger_kernel_1.h">
			<Option target="dlib"/>
		</Unit>
		<Unit filename="/home/victorvianna/Desktop/FaceTweaking/lib/dlib-19.9/dlib/md5/md5_kernel_1.cpp">
			<Option target="dlib"/>
		</Unit>
		<Unit filename="/home/victorvianna/Desktop/FaceTweaking/lib/dlib-19.9/dlib/md5/md5_kernel_1.h">
			<Option target="dlib"/>
		</Unit>
		<Unit filename="/home/victorvianna/Desktop/FaceTweaking/lib/dlib-19.9/dlib/misc_api/misc_api_kernel_1.cpp">
			<Option target="dlib"/>
		</Unit>
		<Unit filename="/home/victorvianna/Desktop/FaceTweaking/lib/dlib-19.9/dlib/misc_api/misc_api_kernel_1.h">
			<Option target="dlib"/>
		</Unit>
		<Unit filename="/home/victorvianna/Desktop/FaceTweaking/lib/dlib-19.9/dlib/misc_api/misc_api_kernel_2.cpp">
			<Option target="dlib"/>
		</Unit>
		<Unit filename="/home/victorvianna/Desktop/FaceTweaking/lib/dlib-19.9/dlib/misc_api/misc_api_kernel_2.h">
			<Option target="dlib"/>
		</Unit>
		<Unit filename="/home/victorvianna/Desktop/FaceTweaking/lib/dlib-19.9/dlib/server/server_http.cpp">
			<Option target="dlib"/>
		</Unit>
		<Unit filename="/home/victorvianna/Desktop/FaceTweaking/lib/dlib-19.9/dlib/server/server_http.h">
			<Option target="dlib"/>
		</Unit>
		<Unit filename="/home/victorvianna/Desktop/FaceTweaking/lib/dlib-19.9/dlib/server/server_iostream.cpp">
			<Option target="dlib"/>
		</Unit>
		<Unit filename="/home/victorvianna/Desktop/FaceTweaking/lib/dlib-19.9/dlib/server/server_iostream.h">
			<Option target="dlib"/>
		</Unit>
		<Unit filename="/home/victorvianna/Desktop/FaceTweaking/lib/dlib-19.9/dlib/server/server_kernel.cpp">
			<Option target="dlib"/>
		</Unit>
		<Unit filename="/home/victorvianna/Desktop/FaceTweaking/lib/dlib-19.9/dlib/server/server_kernel.h">
			<Option target="dlib"/>
		</Unit>
		<Unit filename="/home/victorvianna/Desktop/FaceTweaking/lib/dlib-19.9/dlib/sockets/sockets_extensions.cpp">
			<Option target="dlib"/>
		</Unit>
		<Unit filename="/home/victorvianna/Desktop/FaceTweaking/lib/dlib-19.9/dlib/sockets/sockets_extensions.h">
			<Option target="dlib"/>
		</Unit>
		<Unit filename="/home/victorvianna/Desktop/FaceTweaking/lib/dlib-19.9/dlib/sockets/sockets_kernel_1.cpp">
			<Option target="dlib"/>
		</Unit>
		<Unit filename="/home/victorvianna/Desktop/FaceTweaking/lib/dlib-19.9/dlib/sockets/sockets_kernel_1.h">
			<Option target="dlib"/>
		</Unit>
		<Unit filename="/home/victorvianna/Desktop/FaceTweaking/lib/dlib-19.9/dlib/sockets/sockets_kernel_2.cpp">
			<Option target="dlib"/>
		</Unit>
		<Unit filename="/home/victorvianna/Desktop/FaceTweaking/lib/dlib-19.9/dlib/sockets/sockets_kernel_2.h">
			<Option target="dlib"/>
		</Unit>
		<Unit filename="/home/victorvianna/Desktop/FaceTweaking/lib/dlib-19.9/dlib/sockstreambuf/sockstreambuf.cpp">
			<Option target="dlib"/>
		</Unit>
		<Unit filename="/home/victorvianna/Desktop/FaceTweaking/lib/dlib-19.9/dlib/sockstreambuf/sockstreambuf.h">
			<Option target="dlib"/>
		</Unit>
		<Unit filename="/home/victorvianna/Desktop/FaceTweaking/lib/dlib-19.9/dlib/sockstreambuf/sockstreambuf_unbuffered.cpp">
			<Option target="dlib"/>
		</Unit>
		<Unit filename="/home/victorvianna/Desktop/FaceTweaking/lib/dlib-19.9/dlib/sockstreambuf/sockstreambuf_unbuffered.h">
			<Option target="dlib"/>
		</Unit>
		<Unit filename="/home/victorvianna/Desktop/FaceTweaking/lib/dlib-19.9/dlib/stack_trace.cpp">
			<Option target="dlib"/>
		</Unit>
		<Unit filename="/home/victorvianna/Desktop/FaceTweaking/lib/dlib-19.9/dlib/stack_trace.h">
			<Option target="dlib"/>
		</Unit>
		<Unit filename="/home/victorvianna/Desktop/FaceTweaking/lib/dlib-19.9/dlib/threads/async.cpp">
			<Option target="dlib"/>
		</Unit>
		<Unit filename="/home/victorvianna/Desktop/FaceTweaking/lib/dlib-19.9/dlib/threads/async.h">
			<Option target="dlib"/>
		</Unit>
		<Unit filename="/home/victorvianna/Desktop/FaceTweaking/lib/dlib-19.9/dlib/threads/multithreaded_object_extension.cpp">
			<Option target="dlib"/>
		</Unit>
		<Unit filename="/home/victorvianna/Desktop/FaceTweaking/lib/dlib-19.9/dlib/threads/multithreaded_object_extension.h">
			<Option target="dlib"/>
		</Unit>
		<Unit filename="/home/victorvianna/Desktop/FaceTweaking/lib/dlib-19.9/dlib/threads/thread_pool_extension.cpp">
			<Option target="dlib"/>
		</Unit>
		<Unit filename="/home/victorvianna/Desktop/FaceTweaking/lib/dlib-19.9/dlib/threads/thread_pool_extension.h">
			<Option target="dlib"/>
		</Unit>
		<Unit filename="/home/victorvianna/Desktop/FaceTweaking/lib/dlib-19.9/dlib/threads/threaded_object_extension.cpp">
			<Option target="dlib"/>
		</Unit>
		<Unit filename="/home/victorvianna/Desktop/FaceTweaking/lib/dlib-19.9/dlib/threads/threaded_object_extension.h">
			<Option target="dlib"/>
		</Unit>
		<Unit filename="/home/victorvianna/Desktop/FaceTweaking/lib/dlib-19.9/dlib/threads/threads_kernel_1.cpp">
			<Option target="dlib"/>
		</Unit>
		<Unit filename="/home/victorvianna/Desktop/FaceTweaking/lib/dlib-19.9/dlib/threads/threads_kernel_1.h">
			<Option target="dlib"/>
		</Unit>
		<Unit filename="/home/victorvianna/Desktop/FaceTweaking/lib/dlib-19.9/dlib/threads/threads_kernel_2.cpp">
			<Option target="dlib"/>
		</Unit>
		<Unit filename="/home/victorvianna/Desktop/FaceTweaking/lib/dlib-19.9/dlib/threads/threads_kernel_2.h">
			<Option target="dlib"/>
		</Unit>
		<Unit filename="/home/victorvianna/Desktop/FaceTweaking/lib/dlib-19.9/dlib/threads/threads_kernel_shared.cpp">
			<Option target="dlib"/>
		</Unit>
		<Unit filename="/home/victorvianna/Desktop/FaceTweaking/lib/dlib-19.9/dlib/threads/threads_kernel_shared.h">
			<Option target="dlib"/>
		</Unit>
		<Unit filename="/home/victorvianna/Desktop/FaceTweaking/lib/dlib-19.9/dlib/timer/timer.cpp">
			<Option target="dlib"/>
		</Unit>
		<Unit filename="/home/victorvianna/Desktop/FaceTweaking/lib/dlib-19.9/dlib/timer/timer.h">
			<Option target="dlib"/>
		</Unit>
		<Unit filename="/home/victorvianna/Desktop/FaceTweaking/lib/dlib-19.9/dlib/tokenizer/tokenizer_kernel_1.cpp">
			<Option target="dlib"/>
		</Unit>
		<Unit filename="/home/victorvianna/Desktop/FaceTweaking/lib/dlib-19.9/dlib/tokenizer/tokenizer_kernel_1.h">
			<Option target="dlib"/>
		</Unit>
		<Unit filename="/home/victorvianna/Desktop/FaceTweaking/lib/dlib-19.9/dlib/unicode/unicode.cpp">
			<Option target="dlib"/>
		</Unit>
		<Unit filename="/home/victorvianna/Desktop/FaceTweaking/lib/dlib-19.9/dlib/unicode/unicode.h">
			<Option target="dlib"/>
		</Unit>
		<Unit filename="/home/victorvianna/Desktop/FaceTweaking/lib/features/AddBeard/AddBeard.cpp">
			<Option target="features"/>
		</Unit>
		<Unit filename="/home/victorvianna/Desktop/FaceTweaking/lib/features/AddBeard/AddBeard.h">
			<Option target="features"/>
		</Unit>
		<Unit filename="/home/victorvianna/Desktop/FaceTweaking/lib/features/BaseFeature.cpp">
			<Option target="features"/>
		</Unit>
		<Unit filename="/home/victorvianna/Desktop/FaceTweaking/lib/features/BaseFeature.h">
			<Option target="features"/>
		</Unit>
		<Unit filename="/home/victorvianna/Desktop/FaceTweaking/lib/features/EyeColor/EyeColor.cpp">
			<Option target="features"/>
		</Unit>
		<Unit filename="/home/victorvianna/Desktop/FaceTweaking/lib/features/EyeColor/EyeColor.h">
			<Option target="features"/>
		</Unit>
		<Unit filename="/home/victorvianna/Desktop/FaceTweaking/lib/features/add_smile/add_smile.cpp">
			<Option target="features"/>
		</Unit>
		<Unit filename="/home/victorvianna/Desktop/FaceTweaking/lib/features/add_smile/add_smile.h">
			<Option target="features"/>
		</Unit>
		<Unit filename="/home/victorvianna/Desktop/FaceTweaking/engine/CMakeLists.txt">
			<Option virtualFolder="CMake Files\"/>
		</Unit>
		<Unit filename="/home/victorvianna/Desktop/FaceTweaking/engine/../lib/dlib-19.9/dlib/CMakeLists.txt">
			<Option virtualFolder="CMake Files\..\lib\dlib-19.9\dlib\"/>
		</Unit>
		<Unit filename="/home/victorvianna/Desktop/FaceTweaking/engine/../lib/dlib-19.9/dlib/CMakeLists.txt">
			<Option virtualFolder="CMake Files\..\lib\dlib-19.9\dlib\"/>
		</Unit>
		<Unit filename="/home/victorvianna/Desktop/FaceTweaking/engine/../lib/dlib-19.9/dlib/cmake_utils/set_compiler_specific_options.cmake">
			<Option virtualFolder="CMake Files\..\lib\dlib-19.9\dlib\cmake_utils\"/>
		</Unit>
		<Unit filename="/home/victorvianna/Desktop/FaceTweaking/engine/../lib/dlib-19.9/dlib/cmake_utils/release_build_by_default">
			<Option virtualFolder="CMake Files\..\lib\dlib-19.9\dlib\cmake_utils\"/>
		</Unit>
		<Unit filename="/home/victorvianna/Desktop/FaceTweaking/engine/../lib/dlib-19.9/dlib/cmake_utils/use_cpp_11.cmake">
			<Option virtualFolder="CMake Files\..\lib\dlib-19.9\dlib\cmake_utils\"/>
		</Unit>
		<Unit filename="/home/victorvianna/Desktop/FaceTweaking/engine/../lib/dlib-19.9/dlib/cmake_utils/cmake_find_blas.txt">
			<Option virtualFolder="CMake Files\..\lib\dlib-19.9\dlib\cmake_utils\"/>
		</Unit>
		<Unit filename="/home/victorvianna/Desktop/FaceTweaking/engine/../lib/dlib-19.9/dlib/cmake_utils/set_compiler_specific_options.cmake">
			<Option virtualFolder="CMake Files\..\lib\dlib-19.9\dlib\cmake_utils\"/>
		</Unit>
		<Unit filename="/home/victorvianna/Desktop/FaceTweaking/engine/../lib/dlib-19.9/dlib/cmake_utils/release_build_by_default">
			<Option virtualFolder="CMake Files\..\lib\dlib-19.9\dlib\cmake_utils\"/>
		</Unit>
		<Unit filename="/home/victorvianna/Desktop/FaceTweaking/engine/../lib/dlib-19.9/dlib/cmake_utils/use_cpp_11.cmake">
			<Option virtualFolder="CMake Files\..\lib\dlib-19.9\dlib\cmake_utils\"/>
		</Unit>
		<Unit filename="/home/victorvianna/Desktop/FaceTweaking/engine/../lib/dlib-19.9/dlib/cmake_utils/cmake_find_blas.txt">
			<Option virtualFolder="CMake Files\..\lib\dlib-19.9\dlib\cmake_utils\"/>
		</Unit>
		<Unit filename="/home/victorvianna/Desktop/FaceTweaking/engine/../../../../../usr/local/share/OpenCV/OpenCVConfig-version.cmake">
			<Option virtualFolder="CMake Files\..\..\..\..\..\usr\local\share\OpenCV\"/>
		</Unit>
		<Unit filename="/home/victorvianna/Desktop/FaceTweaking/engine/../../../../../usr/local/share/OpenCV/OpenCVConfig.cmake">
			<Option virtualFolder="CMake Files\..\..\..\..\..\usr\local\share\OpenCV\"/>
		</Unit>
		<Unit filename="/home/victorvianna/Desktop/FaceTweaking/engine/../../../../../usr/local/share/OpenCV/OpenCVModules.cmake">
			<Option virtualFolder="CMake Files\..\..\..\..\..\usr\local\share\OpenCV\"/>
		</Unit>
		<Unit filename="/home/victorvianna/Desktop/FaceTweaking/engine/../../../../../usr/local/share/OpenCV/OpenCVModules-release.cmake">
			<Option virtualFolder="CMake Files\..\..\..\..\..\usr\local\share\OpenCV\"/>
		</Unit>
	</Project>
</CodeBlocks_project_file>
